
Microsoft Visual Studio Solution File, Format Version 12.00
# Visual Studio 15
VisualStudioVersion = 15.0.28307.572
MinimumVisualStudioVersion = 10.0.40219.1
Project("{FAE04EC0-301F-11D3-BF4B-00C04F79EFBC}") = "StudentApplication", "StudentApplication\StudentApplication.csproj", "{A668536E-C64A-4708-8946-4EE63921CB16}"
EndProject
Global
	GlobalSection(SolutionConfigurationPlatforms) = preSolution
		Debug|Any CPU = Debug|Any CPU
		Release|Any CPU = Release|Any CPU
	EndGlobalSection
	GlobalSection(ProjectConfigurationPlatforms) = postSolution
		{A668536E-C64A-4708-8946-4EE63921CB16}.Debug|Any CPU.ActiveCfg = Debug|Any CPU
		{A668536E-C64A-4708-8946-4EE63921CB16}.Debug|Any CPU.Build.0 = Debug|Any CPU
		{A668536E-C64A-4708-8946-4EE63921CB16}.Release|Any CPU.ActiveCfg = Release|Any CPU
		{A668536E-C64A-4708-8946-4EE63921CB16}.Release|Any CPU.Build.0 = Release|Any CPU
	EndGlobalSection
	GlobalSection(SolutionProperties) = preSolution
		HideSolutionNode = FALSE
	EndGlobalSection
	GlobalSection(ExtensibilityGlobals) = postSolution
		SolutionGuid = {01B0D8BB-1C6B-4750-A108-A0D002939F49}
	EndGlobalSection
EndGlobal
